
Microsoft Visual Studio Solution File, Format Version 12.00
# Visual Studio Version 16
VisualStudioVersion = 16.0.30717.126
MinimumVisualStudioVersion = 10.0.40219.1
Project("{2150E333-8FDC-42A3-9474-1A3956D46DE8}") = "Solution Items", "Solution Items", "{ABCB5ACD-D4E5-4710-98A0-227882F39F21}"
	ProjectSection(SolutionItems) = preProject
		.gitattributes = .gitattributes
		.gitignore = .gitignore
		GalnetArchive.xml = GalnetArchive.xml
		LICENSE = LICENSE
		README.md = README.md
	EndProjectSection
EndProject
Project("{9A19103F-16F7-4668-BE54-9A1E7A4F7556}") = "GalnetArchiver", "Tools\Archiver\GalnetArchiver.csproj", "{87B3C917-7C54-4A5A-91BC-E4FDE58B7117}"
EndProject
Project("{9A19103F-16F7-4668-BE54-9A1E7A4F7556}") = "PGSqlUpdater", "Tools\PGSqlUpdater\PGSqlUpdater.csproj", "{A4879083-4E19-438B-8FB0-EFC02DA6CF39}"
EndProject
Global
	GlobalSection(SolutionConfigurationPlatforms) = preSolution
		Debug|Any CPU = Debug|Any CPU
		Release|Any CPU = Release|Any CPU
	EndGlobalSection
	GlobalSection(ProjectConfigurationPlatforms) = postSolution
		{87B3C917-7C54-4A5A-91BC-E4FDE58B7117}.Debug|Any CPU.ActiveCfg = Debug|Any CPU
		{87B3C917-7C54-4A5A-91BC-E4FDE58B7117}.Debug|Any CPU.Build.0 = Debug|Any CPU
		{87B3C917-7C54-4A5A-91BC-E4FDE58B7117}.Release|Any CPU.ActiveCfg = Release|Any CPU
		{87B3C917-7C54-4A5A-91BC-E4FDE58B7117}.Release|Any CPU.Build.0 = Release|Any CPU
		{A4879083-4E19-438B-8FB0-EFC02DA6CF39}.Debug|Any CPU.ActiveCfg = Debug|Any CPU
		{A4879083-4E19-438B-8FB0-EFC02DA6CF39}.Debug|Any CPU.Build.0 = Debug|Any CPU
		{A4879083-4E19-438B-8FB0-EFC02DA6CF39}.Release|Any CPU.ActiveCfg = Release|Any CPU
		{A4879083-4E19-438B-8FB0-EFC02DA6CF39}.Release|Any CPU.Build.0 = Release|Any CPU
	EndGlobalSection
	GlobalSection(SolutionProperties) = preSolution
		HideSolutionNode = FALSE
	EndGlobalSection
	GlobalSection(ExtensibilityGlobals) = postSolution
		SolutionGuid = {64702569-3653-4D98-8106-2901E39C66E1}
	EndGlobalSection
EndGlobal
